
Microsoft Visual Studio Solution File, Format Version 12.00
# Visual Studio Version 17
VisualStudioVersion = 17.0.31903.59
MinimumVisualStudioVersion = 10.0.40219.1
Project("{FAE04EC0-301F-11D3-BF4B-00C04F79EFBC}") = "Telesale.Api", "Telesale.Api\Telesale.Api.csproj", "{FA7FD3A0-49F3-4292-8662-8D02B706665D}"
EndProject
Global
	GlobalSection(SolutionConfigurationPlatforms) = preSolution
		Debug|Any CPU = Debug|Any CPU
		Release|Any CPU = Release|Any CPU
	EndGlobalSection
	GlobalSection(SolutionProperties) = preSolution
		HideSolutionNode = FALSE
	EndGlobalSection
	GlobalSection(ProjectConfigurationPlatforms) = postSolution
		{FA7FD3A0-49F3-4292-8662-8D02B706665D}.Debug|Any CPU.ActiveCfg = Debug|Any CPU
		{FA7FD3A0-49F3-4292-8662-8D02B706665D}.Debug|Any CPU.Build.0 = Debug|Any CPU
		{FA7FD3A0-49F3-4292-8662-8D02B706665D}.Release|Any CPU.ActiveCfg = Release|Any CPU
		{FA7FD3A0-49F3-4292-8662-8D02B706665D}.Release|Any CPU.Build.0 = Release|Any CPU
	EndGlobalSection
EndGlobal
